
Microsoft Visual Studio Solution File, Format Version 12.00
# Visual Studio Version 17
VisualStudioVersion = 17.14.37012.4
MinimumVisualStudioVersion = 10.0.40219.1
Project("{FAE04EC0-301F-11D3-BF4B-00C04F79EFBC}") = "hada-ProyectoGrupo", "hada-ProyectoGrupo.csproj", "{2E5CEF34-31FF-4C32-8211-4260B1C4BC67}"
EndProject
Project("{FAE04EC0-301F-11D3-BF4B-00C04F79EFBC}") = "hada-ProyectoGrupo.Library", "hada-ProyectoGrupo.Library\hada-ProyectoGrupo.Library.csproj", "{49109936-590F-4233-BE90-80C88BC9B44A}"
EndProject
Global
	GlobalSection(SolutionConfigurationPlatforms) = preSolution
		Debug|Any CPU = Debug|Any CPU
		Release|Any CPU = Release|Any CPU
	EndGlobalSection
	GlobalSection(ProjectConfigurationPlatforms) = postSolution
		{2E5CEF34-31FF-4C32-8211-4260B1C4BC67}.Debug|Any CPU.ActiveCfg = Debug|Any CPU
		{2E5CEF34-31FF-4C32-8211-4260B1C4BC67}.Debug|Any CPU.Build.0 = Debug|Any CPU
		{2E5CEF34-31FF-4C32-8211-4260B1C4BC67}.Release|Any CPU.ActiveCfg = Release|Any CPU
		{2E5CEF34-31FF-4C32-8211-4260B1C4BC67}.Release|Any CPU.Build.0 = Release|Any CPU
		{49109936-590F-4233-BE90-80C88BC9B44A}.Debug|Any CPU.ActiveCfg = Debug|Any CPU
		{49109936-590F-4233-BE90-80C88BC9B44A}.Debug|Any CPU.Build.0 = Debug|Any CPU
		{49109936-590F-4233-BE90-80C88BC9B44A}.Release|Any CPU.ActiveCfg = Release|Any CPU
		{49109936-590F-4233-BE90-80C88BC9B44A}.Release|Any CPU.Build.0 = Release|Any CPU
	EndGlobalSection
	GlobalSection(SolutionProperties) = preSolution
		HideSolutionNode = FALSE
	EndGlobalSection
	GlobalSection(ExtensibilityGlobals) = postSolution
		SolutionGuid = {885D4839-23EC-4CE6-BCD0-99E6328D72E8}
	EndGlobalSection
EndGlobal
